
Microsoft Visual Studio Solution File, Format Version 12.00
# Visual Studio 15
VisualStudioVersion = 15.0.28307.329
MinimumVisualStudioVersion = 10.0.40219.1
Project("{FAE04EC0-301F-11D3-BF4B-00C04F79EFBC}") = "Core22SwaggerClientConsoleApp", "Core22SwaggerClientConsoleApp\Core22SwaggerClientConsoleApp.csproj", "{6C774C17-C15A-4CB6-ABE2-F0AE06DE9DC6}"
EndProject
Global
	GlobalSection(SolutionConfigurationPlatforms) = preSolution
		Debug|Any CPU = Debug|Any CPU
		Release|Any CPU = Release|Any CPU
	EndGlobalSection
	GlobalSection(ProjectConfigurationPlatforms) = postSolution
		{6C774C17-C15A-4CB6-ABE2-F0AE06DE9DC6}.Debug|Any CPU.ActiveCfg = Debug|Any CPU
		{6C774C17-C15A-4CB6-ABE2-F0AE06DE9DC6}.Debug|Any CPU.Build.0 = Debug|Any CPU
		{6C774C17-C15A-4CB6-ABE2-F0AE06DE9DC6}.Release|Any CPU.ActiveCfg = Release|Any CPU
		{6C774C17-C15A-4CB6-ABE2-F0AE06DE9DC6}.Release|Any CPU.Build.0 = Release|Any CPU
	EndGlobalSection
	GlobalSection(SolutionProperties) = preSolution
		HideSolutionNode = FALSE
	EndGlobalSection
	GlobalSection(ExtensibilityGlobals) = postSolution
		SolutionGuid = {AB58DE1D-F0CC-42DF-90EC-1B978D3EE4BF}
	EndGlobalSection
EndGlobal
